
Microsoft Visual Studio Solution File, Format Version 12.00
# Visual Studio 14
VisualStudioVersion = 14.0.23107.0
MinimumVisualStudioVersion = 10.0.40219.1
Project("{78C9907C-C22D-4F8D-B13A-49F213FF1631}") = "Day3", "Day3\Day3.rsproj", "{B9EABF15-A05A-49DD-AA81-70BA6386A7E9}"
EndProject
Global
	GlobalSection(SolutionConfigurationPlatforms) = preSolution
		Debug|default = Debug|default
		Release|default = Release|default
	EndGlobalSection
	GlobalSection(ProjectConfigurationPlatforms) = postSolution
		{B9EABF15-A05A-49DD-AA81-70BA6386A7E9}.Debug|default.ActiveCfg = Debug|default
		{B9EABF15-A05A-49DD-AA81-70BA6386A7E9}.Debug|default.Build.0 = Debug|default
		{B9EABF15-A05A-49DD-AA81-70BA6386A7E9}.Release|default.ActiveCfg = Release|default
		{B9EABF15-A05A-49DD-AA81-70BA6386A7E9}.Release|default.Build.0 = Release|default
	EndGlobalSection
	GlobalSection(SolutionProperties) = preSolution
		HideSolutionNode = FALSE
	EndGlobalSection
EndGlobal
